
Microsoft Visual Studio Solution File, Format Version 12.00
# Visual Studio 15
VisualStudioVersion = 15.0.28307.1800
MinimumVisualStudioVersion = 10.0.40219.1
Project("{9A19103F-16F7-4668-BE54-9A1E7A4F7556}") = "ClrDebug", "ClrDebug\ClrDebug.csproj", "{9D28CE67-4AC0-410C-A3EF-D6DB79C5E96A}"
EndProject
Project("{2150E333-8FDC-42A3-9474-1A3956D46DE8}") = "Samples", "Samples", "{CDC1298B-8BDD-426C-B421-C79DD2F05F1A}"
	ProjectSection(SolutionItems) = preProject
		Samples\README.md = Samples\README.md
	EndProjectSection
EndProject
Project("{FAE04EC0-301F-11D3-BF4B-00C04F79EFBC}") = "NativeSymbols", "Samples\NativeSymbols\NativeSymbols.csproj", "{28645087-106B-401E-A501-95987F3BF15D}"
EndProject
Project("{FAE04EC0-301F-11D3-BF4B-00C04F79EFBC}") = "DacTypeDump", "Samples\DacTypeDump\DacTypeDump.csproj", "{1B3BE726-F40F-41F7-A1D0-014001BBBF71}"
EndProject
Project("{9A19103F-16F7-4668-BE54-9A1E7A4F7556}") = "ClrDebug.Tests", "ClrDebug.Tests\ClrDebug.Tests.csproj", "{DBC46388-3229-44D2-A993-4F2588E38149}"
EndProject
Project("{FAE04EC0-301F-11D3-BF4B-00C04F79EFBC}") = "PEReader", "Samples\PEReader\PEReader.csproj", "{399EEB4C-9CBE-4929-A1E6-DDAAA0235822}"
EndProject
Project("{FAE04EC0-301F-11D3-BF4B-00C04F79EFBC}") = "SymbolStore", "Samples\SymbolStore\SymbolStore.csproj", "{E3EDB31C-712B-4DD2-88EA-3FB20F966BD0}"
EndProject
Global
	GlobalSection(SolutionConfigurationPlatforms) = preSolution
		Debug|Any CPU = Debug|Any CPU
		Release|Any CPU = Release|Any CPU
	EndGlobalSection
	GlobalSection(ProjectConfigurationPlatforms) = postSolution
		{9D28CE67-4AC0-410C-A3EF-D6DB79C5E96A}.Debug|Any CPU.ActiveCfg = Debug|Any CPU
		{9D28CE67-4AC0-410C-A3EF-D6DB79C5E96A}.Debug|Any CPU.Build.0 = Debug|Any CPU
		{9D28CE67-4AC0-410C-A3EF-D6DB79C5E96A}.Release|Any CPU.ActiveCfg = Release|Any CPU
		{9D28CE67-4AC0-410C-A3EF-D6DB79C5E96A}.Release|Any CPU.Build.0 = Release|Any CPU
		{28645087-106B-401E-A501-95987F3BF15D}.Debug|Any CPU.ActiveCfg = Debug|Any CPU
		{28645087-106B-401E-A501-95987F3BF15D}.Debug|Any CPU.Build.0 = Debug|Any CPU
		{28645087-106B-401E-A501-95987F3BF15D}.Release|Any CPU.ActiveCfg = Release|Any CPU
		{28645087-106B-401E-A501-95987F3BF15D}.Release|Any CPU.Build.0 = Release|Any CPU
		{1B3BE726-F40F-41F7-A1D0-014001BBBF71}.Debug|Any CPU.ActiveCfg = Debug|Any CPU
		{1B3BE726-F40F-41F7-A1D0-014001BBBF71}.Debug|Any CPU.Build.0 = Debug|Any CPU
		{1B3BE726-F40F-41F7-A1D0-014001BBBF71}.Release|Any CPU.ActiveCfg = Release|Any CPU
		{1B3BE726-F40F-41F7-A1D0-014001BBBF71}.Release|Any CPU.Build.0 = Release|Any CPU
		{DBC46388-3229-44D2-A993-4F2588E38149}.Debug|Any CPU.ActiveCfg = Debug|Any CPU
		{DBC46388-3229-44D2-A993-4F2588E38149}.Debug|Any CPU.Build.0 = Debug|Any CPU
		{DBC46388-3229-44D2-A993-4F2588E38149}.Release|Any CPU.ActiveCfg = Release|Any CPU
		{DBC46388-3229-44D2-A993-4F2588E38149}.Release|Any CPU.Build.0 = Release|Any CPU
		{399EEB4C-9CBE-4929-A1E6-DDAAA0235822}.Debug|Any CPU.ActiveCfg = Debug|Any CPU
		{399EEB4C-9CBE-4929-A1E6-DDAAA0235822}.Debug|Any CPU.Build.0 = Debug|Any CPU
		{399EEB4C-9CBE-4929-A1E6-DDAAA0235822}.Release|Any CPU.ActiveCfg = Release|Any CPU
		{399EEB4C-9CBE-4929-A1E6-DDAAA0235822}.Release|Any CPU.Build.0 = Release|Any CPU
		{E3EDB31C-712B-4DD2-88EA-3FB20F966BD0}.Debug|Any CPU.ActiveCfg = Debug|Any CPU
		{E3EDB31C-712B-4DD2-88EA-3FB20F966BD0}.Debug|Any CPU.Build.0 = Debug|Any CPU
		{E3EDB31C-712B-4DD2-88EA-3FB20F966BD0}.Release|Any CPU.ActiveCfg = Release|Any CPU
		{E3EDB31C-712B-4DD2-88EA-3FB20F966BD0}.Release|Any CPU.Build.0 = Release|Any CPU
	EndGlobalSection
	GlobalSection(SolutionProperties) = preSolution
		HideSolutionNode = FALSE
	EndGlobalSection
	GlobalSection(NestedProjects) = preSolution
		{28645087-106B-401E-A501-95987F3BF15D} = {CDC1298B-8BDD-426C-B421-C79DD2F05F1A}
		{1B3BE726-F40F-41F7-A1D0-014001BBBF71} = {CDC1298B-8BDD-426C-B421-C79DD2F05F1A}
		{399EEB4C-9CBE-4929-A1E6-DDAAA0235822} = {CDC1298B-8BDD-426C-B421-C79DD2F05F1A}
		{E3EDB31C-712B-4DD2-88EA-3FB20F966BD0} = {CDC1298B-8BDD-426C-B421-C79DD2F05F1A}
	EndGlobalSection
	GlobalSection(ExtensibilityGlobals) = postSolution
		SolutionGuid = {A353ED8B-9C4A-4942-8620-0E990037CA18}
	EndGlobalSection
EndGlobal
